// !$*UTF8*$!
{
	archiveVersion = 1;
	classes = {
	};
	objectVersion = 46;
	objects = {

/* Begin PBXBuildFile section */
		0EE2E08C1F7759B10048756D /* AnchorViewController.swift in Sources */ = {isa = PBXBuildFile; fileRef = 0EE2E08B1F7759B10048756D /* AnchorViewController.swift */; };
		0EE2E08F1F775D490048756D /* HomeType.swift in Sources */ = {isa = PBXBuildFile; fileRef = 0EE2E08E1F775D490048756D /* HomeType.swift */; };
		0EE2E0931F775DA00048756D /* BaseModel.swift in Sources */ = {isa = PBXBuildFile; fileRef = 0EE2E0921F775DA00048756D /* BaseModel.swift */; };
		0EE2E0961F775FB40048756D /* Const.swift in Sources */ = {isa = PBXBuildFile; fileRef = 0EE2E0951F775FB40048756D /* Const.swift */; };
		0EE2E0981F779D830048756D /* DiscoverViewController.swift in Sources */ = {isa = PBXBuildFile; fileRef = 0EE2E0971F779D830048756D /* DiscoverViewController.swift */; };
		0EE2E0AD1F779F010048756D /* STPageCollectionViewLayout.swift in Sources */ = {isa = PBXBuildFile; fileRef = 0EE2E0A71F779F010048756D /* STPageCollectionViewLayout.swift */; };
		0EE2E0AE1F779F010048756D /* STPageView.swift in Sources */ = {isa = PBXBuildFile; fileRef = 0EE2E0A81F779F010048756D /* STPageView.swift */; };
		0EE2E0AF1F779F010048756D /* STTitleStyle.swift in Sources */ = {isa = PBXBuildFile; fileRef = 0EE2E0A91F779F010048756D /* STTitleStyle.swift */; };
		0EE2E0B01F779F010048756D /* STTitleView.swift in Sources */ = {isa = PBXBuildFile; fileRef = 0EE2E0AA1F779F010048756D /* STTitleView.swift */; };
		0EE2E0B11F779F010048756D /* STPageCollectionView.swift in Sources */ = {isa = PBXBuildFile; fileRef = 0EE2E0AB1F779F010048756D /* STPageCollectionView.swift */; };
		0EE2E0B21F779F010048756D /* STContentView.swift in Sources */ = {isa = PBXBuildFile; fileRef = 0EE2E0AC1F779F010048756D /* STContentView.swift */; };
		0EF39FE41F738E9C0066A092 /* AppDelegate.swift in Sources */ = {isa = PBXBuildFile; fileRef = 0EF39FE31F738E9C0066A092 /* AppDelegate.swift */; };
		0EF39FE91F738E9C0066A092 /* Main.storyboard in Resources */ = {isa = PBXBuildFile; fileRef = 0EF39FE71F738E9C0066A092 /* Main.storyboard */; };
		0EF39FEB1F738E9C0066A092 /* Assets.xcassets in Resources */ = {isa = PBXBuildFile; fileRef = 0EF39FEA1F738E9C0066A092 /* Assets.xcassets */; };
		0EF39FEE1F738E9C0066A092 /* LaunchScreen.storyboard in Resources */ = {isa = PBXBuildFile; fileRef = 0EF39FEC1F738E9C0066A092 /* LaunchScreen.storyboard */; };
		0EF39FF91F7394100066A092 /* QHNormalEmotionSort.plist in Resources */ = {isa = PBXBuildFile; fileRef = 0EF39FF61F7394100066A092 /* QHNormalEmotionSort.plist */; };
		0EF39FFA1F7394100066A092 /* QHSohuGifSort.plist in Resources */ = {isa = PBXBuildFile; fileRef = 0EF39FF71F7394100066A092 /* QHSohuGifSort.plist */; };
		0EF39FFB1F7394100066A092 /* types.plist in Resources */ = {isa = PBXBuildFile; fileRef = 0EF39FF81F7394100066A092 /* types.plist */; };
		0EF3A0001F739B4C0066A092 /* MainViewController.swift in Sources */ = {isa = PBXBuildFile; fileRef = 0EF39FFF1F739B4C0066A092 /* MainViewController.swift */; };
		0EF3A0021F739D520066A092 /* BaseNavigationController.swift in Sources */ = {isa = PBXBuildFile; fileRef = 0EF3A0011F739D520066A092 /* BaseNavigationController.swift */; };
		0EF3A0051F73A2AB0066A092 /* BaseViewController.swift in Sources */ = {isa = PBXBuildFile; fileRef = 0EF3A0041F73A2AB0066A092 /* BaseViewController.swift */; };
		0EF3A00A1F73A5680066A092 /* HomeViewController.swift in Sources */ = {isa = PBXBuildFile; fileRef = 0EF3A0091F73A5680066A092 /* HomeViewController.swift */; };
		0EF3A00E1F73A79C0066A092 /* MineViewController.swift in Sources */ = {isa = PBXBuildFile; fileRef = 0EF3A00D1F73A79C0066A092 /* MineViewController.swift */; };
		0EF3A0161F73AAD10066A092 /* RankViewController.swift in Sources */ = {isa = PBXBuildFile; fileRef = 0EF3A0151F73AAD10066A092 /* RankViewController.swift */; };
		0EF3A01E1F73BD5C0066A092 /* UIColor+Extension.swift in Sources */ = {isa = PBXBuildFile; fileRef = 0EF3A01D1F73BD5C0066A092 /* UIColor+Extension.swift */; };
		79365320A7A1E29510B3E2CF /* Pods_____.framework in Frameworks */ = {isa = PBXBuildFile; fileRef = B105359B4AF5FCC95DD537AC /* Pods_____.framework */; };
/* End PBXBuildFile section */

/* Begin PBXFileReference section */
		0EE2E08B1F7759B10048756D /* AnchorViewController.swift */ = {isa = PBXFileReference; fileEncoding = 4; lastKnownFileType = sourcecode.swift; path = AnchorViewController.swift; sourceTree = "<group>"; };
		0EE2E08E1F775D490048756D /* HomeType.swift */ = {isa = PBXFileReference; fileEncoding = 4; lastKnownFileType = sourcecode.swift; path = HomeType.swift; sourceTree = "<group>"; };
		0EE2E0921F775DA00048756D /* BaseModel.swift */ = {isa = PBXFileReference; fileEncoding = 4; lastKnownFileType = sourcecode.swift; path = BaseModel.swift; sourceTree = "<group>"; };
		0EE2E0951F775FB40048756D /* Const.swift */ = {isa = PBXFileReference; fileEncoding = 4; lastKnownFileType = sourcecode.swift; path = Const.swift; sourceTree = "<group>"; };
		0EE2E0971F779D830048756D /* DiscoverViewController.swift */ = {isa = PBXFileReference; fileEncoding = 4; lastKnownFileType = sourcecode.swift; path = DiscoverViewController.swift; sourceTree = "<group>"; };
		0EE2E0A71F779F010048756D /* STPageCollectionViewLayout.swift */ = {isa = PBXFileReference; fileEncoding = 4; lastKnownFileType = sourcecode.swift; path = STPageCollectionViewLayout.swift; sourceTree = "<group>"; };
		0EE2E0A81F779F010048756D /* STPageView.swift */ = {isa = PBXFileReference; fileEncoding = 4; lastKnownFileType = sourcecode.swift; path = STPageView.swift; sourceTree = "<group>"; };
		0EE2E0A91F779F010048756D /* STTitleStyle.swift */ = {isa = PBXFileReference; fileEncoding = 4; lastKnownFileType = sourcecode.swift; path = STTitleStyle.swift; sourceTree = "<group>"; };
		0EE2E0AA1F779F010048756D /* STTitleView.swift */ = {isa = PBXFileReference; fileEncoding = 4; lastKnownFileType = sourcecode.swift; path = STTitleView.swift; sourceTree = "<group>"; };
		0EE2E0AB1F779F010048756D /* STPageCollectionView.swift */ = {isa = PBXFileReference; fileEncoding = 4; lastKnownFileType = sourcecode.swift; path = STPageCollectionView.swift; sourceTree = "<group>"; };
		0EE2E0AC1F779F010048756D /* STContentView.swift */ = {isa = PBXFileReference; fileEncoding = 4; lastKnownFileType = sourcecode.swift; path = STContentView.swift; sourceTree = "<group>"; };
		0EF39FE01F738E9C0066A092 /* 直播学习.app */ = {isa = PBXFileReference; explicitFileType = wrapper.application; includeInIndex = 0; path = "直播学习.app"; sourceTree = BUILT_PRODUCTS_DIR; };
		0EF39FE31F738E9C0066A092 /* AppDelegate.swift */ = {isa = PBXFileReference; lastKnownFileType = sourcecode.swift; path = AppDelegate.swift; sourceTree = "<group>"; };
		0EF39FE81F738E9C0066A092 /* Base */ = {isa = PBXFileReference; lastKnownFileType = file.storyboard; name = Base; path = Base.lproj/Main.storyboard; sourceTree = "<group>"; };
		0EF39FEA1F738E9C0066A092 /* Assets.xcassets */ = {isa = PBXFileReference; lastKnownFileType = folder.assetcatalog; path = Assets.xcassets; sourceTree = "<group>"; };
		0EF39FED1F738E9C0066A092 /* Base */ = {isa = PBXFileReference; lastKnownFileType = file.storyboard; name = Base; path = Base.lproj/LaunchScreen.storyboard; sourceTree = "<group>"; };
		0EF39FEF1F738E9C0066A092 /* Info.plist */ = {isa = PBXFileReference; lastKnownFileType = text.plist.xml; path = Info.plist; sourceTree = "<group>"; };
		0EF39FF61F7394100066A092 /* QHNormalEmotionSort.plist */ = {isa = PBXFileReference; lastKnownFileType = file.bplist; path = QHNormalEmotionSort.plist; sourceTree = "<group>"; };
		0EF39FF71F7394100066A092 /* QHSohuGifSort.plist */ = {isa = PBXFileReference; lastKnownFileType = file.bplist; path = QHSohuGifSort.plist; sourceTree = "<group>"; };
		0EF39FF81F7394100066A092 /* types.plist */ = {isa = PBXFileReference; fileEncoding = 4; lastKnownFileType = text.plist.xml; path = types.plist; sourceTree = "<group>"; };
		0EF39FFF1F739B4C0066A092 /* MainViewController.swift */ = {isa = PBXFileReference; fileEncoding = 4; lastKnownFileType = sourcecode.swift; path = MainViewController.swift; sourceTree = "<group>"; };
		0EF3A0011F739D520066A092 /* BaseNavigationController.swift */ = {isa = PBXFileReference; fileEncoding = 4; lastKnownFileType = sourcecode.swift; path = BaseNavigationController.swift; sourceTree = "<group>"; };
		0EF3A0041F73A2AB0066A092 /* BaseViewController.swift */ = {isa = PBXFileReference; fileEncoding = 4; lastKnownFileType = sourcecode.swift; path = BaseViewController.swift; sourceTree = "<group>"; };
		0EF3A0091F73A5680066A092 /* HomeViewController.swift */ = {isa = PBXFileReference; fileEncoding = 4; lastKnownFileType = sourcecode.swift; path = HomeViewController.swift; sourceTree = "<group>"; };
		0EF3A00D1F73A79C0066A092 /* MineViewController.swift */ = {isa = PBXFileReference; fileEncoding = 4; lastKnownFileType = sourcecode.swift; path = MineViewController.swift; sourceTree = "<group>"; };
		0EF3A0151F73AAD10066A092 /* RankViewController.swift */ = {isa = PBXFileReference; fileEncoding = 4; lastKnownFileType = sourcecode.swift; path = RankViewController.swift; sourceTree = "<group>"; };
		0EF3A01D1F73BD5C0066A092 /* UIColor+Extension.swift */ = {isa = PBXFileReference; fileEncoding = 4; lastKnownFileType = sourcecode.swift; path = "UIColor+Extension.swift"; sourceTree = "<group>"; };
		23F0844DE3F27A58D0FDC9B9 /* Pods-直播学习.debug.xcconfig */ = {isa = PBXFileReference; includeInIndex = 1; lastKnownFileType = text.xcconfig; name = "Pods-直播学习.debug.xcconfig"; path = "Pods/Target Support Files/Pods-直播学习/Pods-直播学习.debug.xcconfig"; sourceTree = "<group>"; };
		2779593488194775C06C1FCF /* Pods-直播学习.release.xcconfig */ = {isa = PBXFileReference; includeInIndex = 1; lastKnownFileType = text.xcconfig; name = "Pods-直播学习.release.xcconfig"; path = "Pods/Target Support Files/Pods-直播学习/Pods-直播学习.release.xcconfig"; sourceTree = "<group>"; };
		B105359B4AF5FCC95DD537AC /* Pods_____.framework */ = {isa = PBXFileReference; explicitFileType = wrapper.framework; includeInIndex = 0; path = "Pods_____.framework"; sourceTree = BUILT_PRODUCTS_DIR; };
/* End PBXFileReference section */

/* Begin PBXFrameworksBuildPhase section */
		0EF39FDD1F738E9C0066A092 /* Frameworks */ = {
			isa = PBXFrameworksBuildPhase;
			buildActionMask = 2147483647;
			files = (
				79365320A7A1E29510B3E2CF /* Pods_____.framework in Frameworks */,
			);
			runOnlyForDeploymentPostprocessing = 0;
		};
/* End PBXFrameworksBuildPhase section */

/* Begin PBXGroup section */
		0EE2E08D1F775D3A0048756D /* Model */ = {
			isa = PBXGroup;
			children = (
				0EE2E08E1F775D490048756D /* HomeType.swift */,
			);
			path = Model;
			sourceTree = "<group>";
		};
		0EE2E0901F775D860048756D /* Base */ = {
			isa = PBXGroup;
			children = (
				0EE2E0911F775D950048756D /* Model */,
			);
			path = Base;
			sourceTree = "<group>";
		};
		0EE2E0911F775D950048756D /* Model */ = {
			isa = PBXGroup;
			children = (
				0EE2E0921F775DA00048756D /* BaseModel.swift */,
			);
			path = Model;
			sourceTree = "<group>";
		};
		0EE2E0941F775FA80048756D /* Common */ = {
			isa = PBXGroup;
			children = (
				0EE2E0951F775FB40048756D /* Const.swift */,
			);
			path = Common;
			sourceTree = "<group>";
		};
		0EF39FD71F738E9C0066A092 = {
			isa = PBXGroup;
			children = (
				0EF39FE21F738E9C0066A092 /* 直播学习 */,
				0EF39FE11F738E9C0066A092 /* Products */,
				6D78FC93483A6E32CEA51297 /* Pods */,
				C6501F2A248BE300EC4E6109 /* Frameworks */,
			);
			sourceTree = "<group>";
		};
		0EF39FE11F738E9C0066A092 /* Products */ = {
			isa = PBXGroup;
			children = (
				0EF39FE01F738E9C0066A092 /* 直播学习.app */,
			);
			name = Products;
			sourceTree = "<group>";
		};
		0EF39FE21F738E9C0066A092 /* 直播学习 */ = {
			isa = PBXGroup;
			children = (
				0EF39FF51F7394050066A092 /* Resources */,
				0EF39FFC1F7394260066A092 /* Classes */,
				0EF39FE31F738E9C0066A092 /* AppDelegate.swift */,
				0EF39FE71F738E9C0066A092 /* Main.storyboard */,
				0EF39FEA1F738E9C0066A092 /* Assets.xcassets */,
				0EF39FEC1F738E9C0066A092 /* LaunchScreen.storyboard */,
				0EF39FEF1F738E9C0066A092 /* Info.plist */,
			);
			path = "直播学习";
			sourceTree = "<group>";
		};
		0EF39FF51F7394050066A092 /* Resources */ = {
			isa = PBXGroup;
			children = (
				0EF39FF61F7394100066A092 /* QHNormalEmotionSort.plist */,
				0EF39FF71F7394100066A092 /* QHSohuGifSort.plist */,
				0EF39FF81F7394100066A092 /* types.plist */,
			);
			path = Resources;
			sourceTree = "<group>";
		};
		0EF39FFC1F7394260066A092 /* Classes */ = {
			isa = PBXGroup;
			children = (
				0EF39FFD1F73992D0066A092 /* Main */,
				0EF3A0031F73A2850066A092 /* Home */,
				0EF3A00F1F73AA740066A092 /* Rank */,
				0EF3A0101F73AA7A0066A092 /* Discover */,
				0EF3A00B1F73A59A0066A092 /* Mine */,
			);
			path = Classes;
			sourceTree = "<group>";
		};
		0EF39FFD1F73992D0066A092 /* Main */ = {
			isa = PBXGroup;
			children = (
				0EE2E0941F775FA80048756D /* Common */,
				0EE2E0901F775D860048756D /* Base */,
				0EF3A01C1F73BD330066A092 /* Extension */,
				0EF3A0191F73BBB00066A092 /* STPageView */,
				0EF39FFE1F739B3F0066A092 /* Controller */,
			);
			path = Main;
			sourceTree = "<group>";
		};
		0EF39FFE1F739B3F0066A092 /* Controller */ = {
			isa = PBXGroup;
			children = (
				0EF39FFF1F739B4C0066A092 /* MainViewController.swift */,
				0EF3A0041F73A2AB0066A092 /* BaseViewController.swift */,
				0EF3A0011F739D520066A092 /* BaseNavigationController.swift */,
			);
			path = Controller;
			sourceTree = "<group>";
		};
		0EF3A0031F73A2850066A092 /* Home */ = {
			isa = PBXGroup;
			children = (
				0EE2E08D1F775D3A0048756D /* Model */,
				0EF3A0081F73A5680066A092 /* Controller */,
				0EF3A0171F73BB440066A092 /* View */,
			);
			path = Home;
			sourceTree = "<group>";
		};
		0EF3A0081F73A5680066A092 /* Controller */ = {
			isa = PBXGroup;
			children = (
				0EF3A0091F73A5680066A092 /* HomeViewController.swift */,
				0EE2E08B1F7759B10048756D /* AnchorViewController.swift */,
			);
			path = Controller;
			sourceTree = "<group>";
		};
		0EF3A00B1F73A59A0066A092 /* Mine */ = {
			isa = PBXGroup;
			children = (
				0EF3A00C1F73A70C0066A092 /* Controller */,
			);
			path = Mine;
			sourceTree = "<group>";
		};
		0EF3A00C1F73A70C0066A092 /* Controller */ = {
			isa = PBXGroup;
			children = (
				0EF3A00D1F73A79C0066A092 /* MineViewController.swift */,
			);
			path = Controller;
			sourceTree = "<group>";
		};
		0EF3A00F1F73AA740066A092 /* Rank */ = {
			isa = PBXGroup;
			children = (
				0EF3A0121F73AA9E0066A092 /* Controller */,
			);
			path = Rank;
			sourceTree = "<group>";
		};
		0EF3A0101F73AA7A0066A092 /* Discover */ = {
			isa = PBXGroup;
			children = (
				0EF3A0111F73AA8F0066A092 /* Controller */,
			);
			path = Discover;
			sourceTree = "<group>";
		};
		0EF3A0111F73AA8F0066A092 /* Controller */ = {
			isa = PBXGroup;
			children = (
				0EE2E0971F779D830048756D /* DiscoverViewController.swift */,
			);
			path = Controller;
			sourceTree = "<group>";
		};
		0EF3A0121F73AA9E0066A092 /* Controller */ = {
			isa = PBXGroup;
			children = (
				0EF3A0151F73AAD10066A092 /* RankViewController.swift */,
			);
			path = Controller;
			sourceTree = "<group>";
		};
		0EF3A0171F73BB440066A092 /* View */ = {
			isa = PBXGroup;
			children = (
			);
			path = View;
			sourceTree = "<group>";
		};
		0EF3A0191F73BBB00066A092 /* STPageView */ = {
			isa = PBXGroup;
			children = (
				0EE2E0A91F779F010048756D /* STTitleStyle.swift */,
				0EE2E0AA1F779F010048756D /* STTitleView.swift */,
				0EE2E0AC1F779F010048756D /* STContentView.swift */,
				0EE2E0A81F779F010048756D /* STPageView.swift */,
				0EE2E0AB1F779F010048756D /* STPageCollectionView.swift */,
				0EE2E0A71F779F010048756D /* STPageCollectionViewLayout.swift */,
			);
			path = STPageView;
			sourceTree = "<group>";
		};
		0EF3A01C1F73BD330066A092 /* Extension */ = {
			isa = PBXGroup;
			children = (
				0EF3A01D1F73BD5C0066A092 /* UIColor+Extension.swift */,
			);
			path = Extension;
			sourceTree = "<group>";
		};
		6D78FC93483A6E32CEA51297 /* Pods */ = {
			isa = PBXGroup;
			children = (
				23F0844DE3F27A58D0FDC9B9 /* Pods-直播学习.debug.xcconfig */,
				2779593488194775C06C1FCF /* Pods-直播学习.release.xcconfig */,
			);
			name = Pods;
			sourceTree = "<group>";
		};
		C6501F2A248BE300EC4E6109 /* Frameworks */ = {
			isa = PBXGroup;
			children = (
				B105359B4AF5FCC95DD537AC /* Pods_____.framework */,
			);
			name = Frameworks;
			sourceTree = "<group>";
		};
/* End PBXGroup section */

/* Begin PBXNativeTarget section */
		0EF39FDF1F738E9C0066A092 /* 直播学习 */ = {
			isa = PBXNativeTarget;
			buildConfigurationList = 0EF39FF21F738E9C0066A092 /* Build configuration list for PBXNativeTarget "直播学习" */;
			buildPhases = (
				3BF6EE13C4747C5514CC0DFD /* [CP] Check Pods Manifest.lock */,
				0EF39FDC1F738E9C0066A092 /* Sources */,
				0EF39FDD1F738E9C0066A092 /* Frameworks */,
				0EF39FDE1F738E9C0066A092 /* Resources */,
				9918DDC174FA9F7B090C4071 /* [CP] Embed Pods Frameworks */,
				02B66E2C53770A9836E187F5 /* [CP] Copy Pods Resources */,
			);
			buildRules = (
			);
			dependencies = (
			);
			name = "直播学习";
			productName = "直播学习";
			productReference = 0EF39FE01F738E9C0066A092 /* 直播学习.app */;
			productType = "com.apple.product-type.application";
		};
/* End PBXNativeTarget section */

/* Begin PBXProject section */
		0EF39FD81F738E9C0066A092 /* Project object */ = {
			isa = PBXProject;
			attributes = {
				LastSwiftUpdateCheck = 0830;
				LastUpgradeCheck = 0830;
				ORGANIZATIONNAME = jyb;
				TargetAttributes = {
					0EF39FDF1F738E9C0066A092 = {
						CreatedOnToolsVersion = 8.3.3;
						ProvisioningStyle = Automatic;
					};
				};
			};
			buildConfigurationList = 0EF39FDB1F738E9C0066A092 /* Build configuration list for PBXProject "直播学习" */;
			compatibilityVersion = "Xcode 3.2";
			developmentRegion = English;
			hasScannedForEncodings = 0;
			knownRegions = (
				en,
				Base,
			);
			mainGroup = 0EF39FD71F738E9C0066A092;
			productRefGroup = 0EF39FE11F738E9C0066A092 /* Products */;
			projectDirPath = "";
			projectRoot = "";
			targets = (
				0EF39FDF1F738E9C0066A092 /* 直播学习 */,
			);
		};
/* End PBXProject section */

/* Begin PBXResourcesBuildPhase section */
		0EF39FDE1F738E9C0066A092 /* Resources */ = {
			isa = PBXResourcesBuildPhase;
			buildActionMask = 2147483647;
			files = (
				0EF39FFB1F7394100066A092 /* types.plist in Resources */,
				0EF39FF91F7394100066A092 /* QHNormalEmotionSort.plist in Resources */,
				0EF39FEE1F738E9C0066A092 /* LaunchScreen.storyboard in Resources */,
				0EF39FEB1F738E9C0066A092 /* Assets.xcassets in Resources */,
				0EF39FE91F738E9C0066A092 /* Main.storyboard in Resources */,
				0EF39FFA1F7394100066A092 /* QHSohuGifSort.plist in Resources */,
			);
			runOnlyForDeploymentPostprocessing = 0;
		};
/* End PBXResourcesBuildPhase section */

/* Begin PBXShellScriptBuildPhase section */
		02B66E2C53770A9836E187F5 /* [CP] Copy Pods Resources */ = {
			isa = PBXShellScriptBuildPhase;
			buildActionMask = 2147483647;
			files = (
			);
			inputPaths = (
			);
			name = "[CP] Copy Pods Resources";
			outputPaths = (
			);
			runOnlyForDeploymentPostprocessing = 0;
			shellPath = /bin/sh;
			shellScript = "\"${SRCROOT}/Pods/Target Support Files/Pods-直播学习/Pods-直播学习-resources.sh\"\n";
			showEnvVarsInLog = 0;
		};
		3BF6EE13C4747C5514CC0DFD /* [CP] Check Pods Manifest.lock */ = {
			isa = PBXShellScriptBuildPhase;
			buildActionMask = 2147483647;
			files = (
			);
			inputPaths = (
			);
			name = "[CP] Check Pods Manifest.lock";
			outputPaths = (
			);
			runOnlyForDeploymentPostprocessing = 0;
			shellPath = /bin/sh;
			shellScript = "diff \"${PODS_ROOT}/../Podfile.lock\" \"${PODS_ROOT}/Manifest.lock\" > /dev/null\nif [ $? != 0 ] ; then\n    # print error to STDERR\n    echo \"error: The sandbox is not in sync with the Podfile.lock. Run 'pod install' or update your CocoaPods installation.\" >&2\n    exit 1\nfi\n";
			showEnvVarsInLog = 0;
		};
		9918DDC174FA9F7B090C4071 /* [CP] Embed Pods Frameworks */ = {
			isa = PBXShellScriptBuildPhase;
			buildActionMask = 2147483647;
			files = (
			);
			inputPaths = (
			);
			name = "[CP] Embed Pods Frameworks";
			outputPaths = (
			);
			runOnlyForDeploymentPostprocessing = 0;
			shellPath = /bin/sh;
			shellScript = "\"${SRCROOT}/Pods/Target Support Files/Pods-直播学习/Pods-直播学习-frameworks.sh\"\n";
			showEnvVarsInLog = 0;
		};
/* End PBXShellScriptBuildPhase section */

/* Begin PBXSourcesBuildPhase section */
		0EF39FDC1F738E9C0066A092 /* Sources */ = {
			isa = PBXSourcesBuildPhase;
			buildActionMask = 2147483647;
			files = (
				0EE2E0931F775DA00048756D /* BaseModel.swift in Sources */,
				0EE2E0961F775FB40048756D /* Const.swift in Sources */,
				0EF3A00A1F73A5680066A092 /* HomeViewController.swift in Sources */,
				0EF3A0001F739B4C0066A092 /* MainViewController.swift in Sources */,
				0EF3A0051F73A2AB0066A092 /* BaseViewController.swift in Sources */,
				0EE2E0B21F779F010048756D /* STContentView.swift in Sources */,
				0EE2E0B01F779F010048756D /* STTitleView.swift in Sources */,
				0EF39FE41F738E9C0066A092 /* AppDelegate.swift in Sources */,
				0EF3A0021F739D520066A092 /* BaseNavigationController.swift in Sources */,
				0EE2E0AF1F779F010048756D /* STTitleStyle.swift in Sources */,
				0EE2E0981F779D830048756D /* DiscoverViewController.swift in Sources */,
				0EE2E08F1F775D490048756D /* HomeType.swift in Sources */,
				0EF3A0161F73AAD10066A092 /* RankViewController.swift in Sources */,
				0EE2E0B11F779F010048756D /* STPageCollectionView.swift in Sources */,
				0EE2E0AE1F779F010048756D /* STPageView.swift in Sources */,
				0EE2E0AD1F779F010048756D /* STPageCollectionViewLayout.swift in Sources */,
				0EF3A00E1F73A79C0066A092 /* MineViewController.swift in Sources */,
				0EF3A01E1F73BD5C0066A092 /* UIColor+Extension.swift in Sources */,
				0EE2E08C1F7759B10048756D /* AnchorViewController.swift in Sources */,
			);
			runOnlyForDeploymentPostprocessing = 0;
		};
/* End PBXSourcesBuildPhase section */

/* Begin PBXVariantGroup section */
		0EF39FE71F738E9C0066A092 /* Main.storyboard */ = {
			isa = PBXVariantGroup;
			children = (
				0EF39FE81F738E9C0066A092 /* Base */,
			);
			name = Main.storyboard;
			sourceTree = "<group>";
		};
		0EF39FEC1F738E9C0066A092 /* LaunchScreen.storyboard */ = {
			isa = PBXVariantGroup;
			children = (
				0EF39FED1F738E9C0066A092 /* Base */,
			);
			name = LaunchScreen.storyboard;
			sourceTree = "<group>";
		};
/* End PBXVariantGroup section */

/* Begin XCBuildConfiguration section */
		0EF39FF01F738E9C0066A092 /* Debug */ = {
			isa = XCBuildConfiguration;
			buildSettings = {
				ALWAYS_SEARCH_USER_PATHS = NO;
				CLANG_ANALYZER_NONNULL = YES;
				CLANG_ANALYZER_NUMBER_OBJECT_CONVERSION = YES_AGGRESSIVE;
				CLANG_CXX_LANGUAGE_STANDARD = "gnu++0x";
				CLANG_CXX_LIBRARY = "libc++";
				CLANG_ENABLE_MODULES = YES;
				CLANG_ENABLE_OBJC_ARC = YES;
				CLANG_WARN_BOOL_CONVERSION = YES;
				CLANG_WARN_CONSTANT_CONVERSION = YES;
				CLANG_WARN_DIRECT_OBJC_ISA_USAGE = YES_ERROR;
				CLANG_WARN_DOCUMENTATION_COMMENTS = YES;
				CLANG_WARN_EMPTY_BODY = YES;
				CLANG_WARN_ENUM_CONVERSION = YES;
				CLANG_WARN_INFINITE_RECURSION = YES;
				CLANG_WARN_INT_CONVERSION = YES;
				CLANG_WARN_OBJC_ROOT_CLASS = YES_ERROR;
				CLANG_WARN_SUSPICIOUS_MOVE = YES;
				CLANG_WARN_UNREACHABLE_CODE = YES;
				CLANG_WARN__DUPLICATE_METHOD_MATCH = YES;
				"CODE_SIGN_IDENTITY[sdk=iphoneos*]" = "iPhone Developer";
				COPY_PHASE_STRIP = NO;
				DEBUG_INFORMATION_FORMAT = dwarf;
				ENABLE_STRICT_OBJC_MSGSEND = YES;
				ENABLE_TESTABILITY = YES;
				GCC_C_LANGUAGE_STANDARD = gnu99;
				GCC_DYNAMIC_NO_PIC = NO;
				GCC_NO_COMMON_BLOCKS = YES;
				GCC_OPTIMIZATION_LEVEL = 0;
				GCC_PREPROCESSOR_DEFINITIONS = (
					"DEBUG=1",
					"$(inherited)",
				);
				GCC_WARN_64_TO_32_BIT_CONVERSION = YES;
				GCC_WARN_ABOUT_RETURN_TYPE = YES_ERROR;
				GCC_WARN_UNDECLARED_SELECTOR = YES;
				GCC_WARN_UNINITIALIZED_AUTOS = YES_AGGRESSIVE;
				GCC_WARN_UNUSED_FUNCTION = YES;
				GCC_WARN_UNUSED_VARIABLE = YES;
				IPHONEOS_DEPLOYMENT_TARGET = 10.3;
				MTL_ENABLE_DEBUG_INFO = YES;
				ONLY_ACTIVE_ARCH = YES;
				SDKROOT = iphoneos;
				SWIFT_ACTIVE_COMPILATION_CONDITIONS = DEBUG;
				SWIFT_OPTIMIZATION_LEVEL = "-Onone";
			};
			name = Debug;
		};
		0EF39FF11F738E9C0066A092 /* Release */ = {
			isa = XCBuildConfiguration;
			buildSettings = {
				ALWAYS_SEARCH_USER_PATHS = NO;
				CLANG_ANALYZER_NONNULL = YES;
				CLANG_ANALYZER_NUMBER_OBJECT_CONVERSION = YES_AGGRESSIVE;
				CLANG_CXX_LANGUAGE_STANDARD = "gnu++0x";
				CLANG_CXX_LIBRARY = "libc++";
				CLANG_ENABLE_MODULES = YES;
				CLANG_ENABLE_OBJC_ARC = YES;
				CLANG_WARN_BOOL_CONVERSION = YES;
				CLANG_WARN_CONSTANT_CONVERSION = YES;
				CLANG_WARN_DIRECT_OBJC_ISA_USAGE = YES_ERROR;
				CLANG_WARN_DOCUMENTATION_COMMENTS = YES;
				CLANG_WARN_EMPTY_BODY = YES;
				CLANG_WARN_ENUM_CONVERSION = YES;
				CLANG_WARN_INFINITE_RECURSION = YES;
				CLANG_WARN_INT_CONVERSION = YES;
				CLANG_WARN_OBJC_ROOT_CLASS = YES_ERROR;
				CLANG_WARN_SUSPICIOUS_MOVE = YES;
				CLANG_WARN_UNREACHABLE_CODE = YES;
				CLANG_WARN__DUPLICATE_METHOD_MATCH = YES;
				"CODE_SIGN_IDENTITY[sdk=iphoneos*]" = "iPhone Developer";
				COPY_PHASE_STRIP = NO;
				DEBUG_INFORMATION_FORMAT = "dwarf-with-dsym";
				ENABLE_NS_ASSERTIONS = NO;
				ENABLE_STRICT_OBJC_MSGSEND = YES;
				GCC_C_LANGUAGE_STANDARD = gnu99;
				GCC_NO_COMMON_BLOCKS = YES;
				GCC_WARN_64_TO_32_BIT_CONVERSION = YES;
				GCC_WARN_ABOUT_RETURN_TYPE = YES_ERROR;
				GCC_WARN_UNDECLARED_SELECTOR = YES;
				GCC_WARN_UNINITIALIZED_AUTOS = YES_AGGRESSIVE;
				GCC_WARN_UNUSED_FUNCTION = YES;
				GCC_WARN_UNUSED_VARIABLE = YES;
				IPHONEOS_DEPLOYMENT_TARGET = 10.3;
				MTL_ENABLE_DEBUG_INFO = NO;
				SDKROOT = iphoneos;
				SWIFT_OPTIMIZATION_LEVEL = "-Owholemodule";
				VALIDATE_PRODUCT = YES;
			};
			name = Release;
		};
		0EF39FF31F738E9C0066A092 /* Debug */ = {
			isa = XCBuildConfiguration;
			baseConfigurationReference = 23F0844DE3F27A58D0FDC9B9 /* Pods-直播学习.debug.xcconfig */;
			buildSettings = {
				ASSETCATALOG_COMPILER_APPICON_NAME = AppIcon;
				INFOPLIST_FILE = "直播学习/Info.plist";
				IPHONEOS_DEPLOYMENT_TARGET = 8.0;
				LD_RUNPATH_SEARCH_PATHS = "$(inherited) @executable_path/Frameworks";
				PRODUCT_BUNDLE_IDENTIFIER = "com.jyb.----";
				PRODUCT_NAME = "$(TARGET_NAME)";
				SWIFT_VERSION = 3.0;
			};
			name = Debug;
		};
		0EF39FF41F738E9C0066A092 /* Release */ = {
			isa = XCBuildConfiguration;
			baseConfigurationReference = 2779593488194775C06C1FCF /* Pods-直播学习.release.xcconfig */;
			buildSettings = {
				ASSETCATALOG_COMPILER_APPICON_NAME = AppIcon;
				INFOPLIST_FILE = "直播学习/Info.plist";
				IPHONEOS_DEPLOYMENT_TARGET = 8.0;
				LD_RUNPATH_SEARCH_PATHS = "$(inherited) @executable_path/Frameworks";
				PRODUCT_BUNDLE_IDENTIFIER = "com.jyb.----";
				PRODUCT_NAME = "$(TARGET_NAME)";
				SWIFT_VERSION = 3.0;
			};
			name = Release;
		};
/* End XCBuildConfiguration section */

/* Begin XCConfigurationList section */
		0EF39FDB1F738E9C0066A092 /* Build configuration list for PBXProject "直播学习" */ = {
			isa = XCConfigurationList;
			buildConfigurations = (
				0EF39FF01F738E9C0066A092 /* Debug */,
				0EF39FF11F738E9C0066A092 /* Release */,
			);
			defaultConfigurationIsVisible = 0;
			defaultConfigurationName = Release;
		};
		0EF39FF21F738E9C0066A092 /* Build configuration list for PBXNativeTarget "直播学习" */ = {
			isa = XCConfigurationList;
			buildConfigurations = (
				0EF39FF31F738E9C0066A092 /* Debug */,
				0EF39FF41F738E9C0066A092 /* Release */,
			);
			defaultConfigurationIsVisible = 0;
			defaultConfigurationName = Release;
		};
/* End XCConfigurationList section */
	};
	rootObject = 0EF39FD81F738E9C0066A092 /* Project object */;
}
